
Microsoft Visual Studio Solution File, Format Version 12.00
# Visual Studio Version 16
VisualStudioVersion = 16.0.30114.105
MinimumVisualStudioVersion = 10.0.40219.1
Project("{FAE04EC0-301F-11D3-BF4B-00C04F79EFBC}") = "TryAuth0.Web", "TryAuth0.Web\TryAuth0.Web.csproj", "{12896704-29F1-438C-A92C-6641F22DD71C}"
EndProject
Project("{FAE04EC0-301F-11D3-BF4B-00C04F79EFBC}") = "TryAuth0.Api", "TryAuth0.Api\TryAuth0.Api.csproj", "{20CD3FFE-FCC0-492F-BF89-43EEFB764EE5}"
EndProject
Global
	GlobalSection(SolutionConfigurationPlatforms) = preSolution
		Debug|Any CPU = Debug|Any CPU
		Release|Any CPU = Release|Any CPU
	EndGlobalSection
	GlobalSection(SolutionProperties) = preSolution
		HideSolutionNode = FALSE
	EndGlobalSection
	GlobalSection(ProjectConfigurationPlatforms) = postSolution
		{12896704-29F1-438C-A92C-6641F22DD71C}.Debug|Any CPU.ActiveCfg = Debug|Any CPU
		{12896704-29F1-438C-A92C-6641F22DD71C}.Debug|Any CPU.Build.0 = Debug|Any CPU
		{12896704-29F1-438C-A92C-6641F22DD71C}.Release|Any CPU.ActiveCfg = Release|Any CPU
		{12896704-29F1-438C-A92C-6641F22DD71C}.Release|Any CPU.Build.0 = Release|Any CPU
		{20CD3FFE-FCC0-492F-BF89-43EEFB764EE5}.Debug|Any CPU.ActiveCfg = Debug|Any CPU
		{20CD3FFE-FCC0-492F-BF89-43EEFB764EE5}.Debug|Any CPU.Build.0 = Debug|Any CPU
		{20CD3FFE-FCC0-492F-BF89-43EEFB764EE5}.Release|Any CPU.ActiveCfg = Release|Any CPU
		{20CD3FFE-FCC0-492F-BF89-43EEFB764EE5}.Release|Any CPU.Build.0 = Release|Any CPU
	EndGlobalSection
EndGlobal
